{
  "nodes": {
    "flake-parts": {
      "inputs": {
        "nixpkgs-lib": "nixpkgs-lib"
      },
      "locked": {
        "lastModified": 1709336216,
        "narHash": "sha256-Dt/wOWeW6Sqm11Yh+2+t0dfEWxoMxGBvv3JpIocFl9E=",
        "owner": "hercules-ci",
        "repo": "flake-parts",
        "rev": "f7b3c975cf067e56e7cda6cb098ebe3fb4d74ca2",
        "type": "github"
      },
      "original": {
        "owner": "hercules-ci",
        "repo": "flake-parts",
        "type": "github"
      }
    },
    "home-manager": {
      "inputs": {
        "nixpkgs": [
          "nixpkgs"
        ]
      },
      "locked": {
        "lastModified": 1710349883,
        "narHash": "sha256-bjbdS2mC76xNJwt1d/uZa+JdHR8CCyYbF4Ey/NgOJus=",
        "owner": "nix-community",
        "repo": "home-manager",
        "rev": "2f0db7d418e781354d8a3c50e611e3b1cd413087",
        "type": "github"
      },
      "original": {
        "owner": "nix-community",
        "repo": "home-manager",
        "type": "github"
      }
    },
    "nix-darwin": {
      "inputs": {
        "nixpkgs": [
          "nixpkgs"
        ]
      },
      "locked": {
        "lastModified": 1710281379,
        "narHash": "sha256-uFo9hxt982L3nFJeweW4Gip2esiGrIQlbvEGrNTh4AY=",
        "owner": "LnL7",
        "repo": "nix-darwin",
        "rev": "d9ea313bc4851670dc99c5cc979cb79750e7d670",
        "type": "github"
      },
      "original": {
        "owner": "LnL7",
        "ref": "master",
        "repo": "nix-darwin",
        "type": "github"
      }
    },
    "nix-machine": {
      "locked": {
        "lastModified": 1709709873,
        "narHash": "sha256-iEvBqtzo+evuBqScweTYZxdshTCEIE797Uo7xn6RJQg=",
        "owner": "squirmy",
        "repo": "nix-machine",
        "rev": "f45e6c723d847d54c46a75f5a08c4692827acbb3",
        "type": "github"
      },
      "original": {
        "owner": "squirmy",
        "repo": "nix-machine",
        "type": "github"
      }
    },
    "nixpkgs": {
      "locked": {
        "lastModified": 1710313540,
        "narHash": "sha256-HtTTpGe0azsEJVaT9RvbGFGB4idUneraLiUTxFb3ABM=",
        "owner": "NixOS",
        "repo": "nixpkgs",
        "rev": "4008381882569ab4773f2ba0d7b7bbde8f665672",
        "type": "github"
      },
      "original": {
        "owner": "NixOS",
        "ref": "nixpkgs-unstable",
        "repo": "nixpkgs",
        "type": "github"
      }
    },
    "nixpkgs-lib": {
      "locked": {
        "dir": "lib",
        "lastModified": 1709237383,
        "narHash": "sha256-cy6ArO4k5qTx+l5o+0mL9f5fa86tYUX3ozE1S+Txlds=",
        "owner": "NixOS",
        "repo": "nixpkgs",
        "rev": "1536926ef5621b09bba54035ae2bb6d806d72ac8",
        "type": "github"
      },
      "original": {
        "dir": "lib",
        "owner": "NixOS",
        "ref": "nixos-unstable",
        "repo": "nixpkgs",
        "type": "github"
      }
    },
    "root": {
      "inputs": {
        "flake-parts": "flake-parts",
        "home-manager": "home-manager",
        "nix-darwin": "nix-darwin",
        "nix-machine": "nix-machine",
        "nixpkgs": "nixpkgs"
      }
    }
  },
  "root": "root",
  "version": 7
}
